
Microsoft Visual Studio Solution File, Format Version 12.00
# Visual Studio 15
VisualStudioVersion = 15.0.28010.2046
MinimumVisualStudioVersion = 10.0.40219.1
Project("{FAE04EC0-301F-11D3-BF4B-00C04F79EFBC}") = "SuperHeroes1", "SuperHeroes1\SuperHeroes1.csproj", "{35059165-BD71-44B4-B73D-786A872E824E}"
EndProject
Global
	GlobalSection(SolutionConfigurationPlatforms) = preSolution
		Debug|Any CPU = Debug|Any CPU
		Release|Any CPU = Release|Any CPU
	EndGlobalSection
	GlobalSection(ProjectConfigurationPlatforms) = postSolution
		{35059165-BD71-44B4-B73D-786A872E824E}.Debug|Any CPU.ActiveCfg = Debug|Any CPU
		{35059165-BD71-44B4-B73D-786A872E824E}.Debug|Any CPU.Build.0 = Debug|Any CPU
		{35059165-BD71-44B4-B73D-786A872E824E}.Release|Any CPU.ActiveCfg = Release|Any CPU
		{35059165-BD71-44B4-B73D-786A872E824E}.Release|Any CPU.Build.0 = Release|Any CPU
	EndGlobalSection
	GlobalSection(SolutionProperties) = preSolution
		HideSolutionNode = FALSE
	EndGlobalSection
	GlobalSection(ExtensibilityGlobals) = postSolution
		SolutionGuid = {44D89689-7BA2-4D5F-9633-B7F059826C51}
	EndGlobalSection
EndGlobal
